
Microsoft Visual Studio Solution File, Format Version 12.00
# Visual Studio 15
VisualStudioVersion = 15.0.28010.2050
MinimumVisualStudioVersion = 10.0.40219.1
Project("{FAE04EC0-301F-11D3-BF4B-00C04F79EFBC}") = "ShellApp.Android", "shell\ShellApp.Android\ShellApp.Android.csproj", "{7F72CF1C-95BD-467C-B179-9F2C7985EFCA}"
EndProject
Project("{FAE04EC0-301F-11D3-BF4B-00C04F79EFBC}") = "ShellApp.iOS", "shell\ShellApp.iOS\ShellApp.iOS.csproj", "{CECB9506-E0E8-413E-86C1-AE45691EA9DD}"
EndProject
Project("{FAE04EC0-301F-11D3-BF4B-00C04F79EFBC}") = "ShellApp.UWP", "shell\ShellApp.UWP\ShellApp.UWP.csproj", "{A36F264C-38E6-4874-9906-33DBC5042D80}"
EndProject
Project("{9A19103F-16F7-4668-BE54-9A1E7A4F7556}") = "ShellApp", "shell\ShellApp\ShellApp.csproj", "{DC3F6B22-0893-42E1-9EBD-3DF08931740E}"
EndProject
Project("{2150E333-8FDC-42A3-9474-1A3956D46DE8}") = "shell", "shell", "{8A1DDEF2-1C52-4B6A-B182-70B8AFDE7974}"
EndProject
Project("{2150E333-8FDC-42A3-9474-1A3956D46DE8}") = "build", "build", "{36B8A040-1B15-4980-A0AD-753B260A8654}"
	ProjectSection(SolutionItems) = preProject
		build\azure-pipelines.yml = build\azure-pipelines.yml
		build\filelist.txt = build\filelist.txt
		build\Sign-Packages.ps1 = build\Sign-Packages.ps1
	EndProjectSection
EndProject
Project("{2150E333-8FDC-42A3-9474-1A3956D46DE8}") = "Solution Items", "Solution Items", "{EE5CEC2D-2C11-46AD-A42F-2B46DFEEACE4}"
	ProjectSection(SolutionItems) = preProject
		.editorconfig = .editorconfig
		.gitignore = .gitignore
		Directory.build.props = Directory.build.props
		LICENSE = LICENSE
		ReadMe.md = ReadMe.md
	EndProjectSection
EndProject
Project("{2150E333-8FDC-42A3-9474-1A3956D46DE8}") = "src", "src", "{1CE3C538-FEA3-4370-BD3B-F15F3FE08500}"
EndProject
Project("{2150E333-8FDC-42A3-9474-1A3956D46DE8}") = "tests", "tests", "{4D519CBA-E510-44DD-B27B-5CD49C2CD4F2}"
EndProject
Project("{9A19103F-16F7-4668-BE54-9A1E7A4F7556}") = "MyProject", "src\MyProject\MyProject.csproj", "{6DD5F8F8-B508-4451-BE11-FBBAAB313A98}"
EndProject
Project("{9A19103F-16F7-4668-BE54-9A1E7A4F7556}") = "MyProject.Tests", "tests\MyProject.Tests\MyProject.Tests.csproj", "{153AEFCD-C14A-43B1-99E1-BF05B8714FF0}"
EndProject
Project("{9A19103F-16F7-4668-BE54-9A1E7A4F7556}") = "MyProject.UITests", "tests\MyProject.UITests\MyProject.UITests.csproj", "{B19C892E-2628-4CA7-AD27-08D406A3B14B}"
EndProject
Project("{2150E333-8FDC-42A3-9474-1A3956D46DE8}") = "phases", "phases", "{142E2F41-A555-46E5-9F13-81F50FD08BD2}"
	ProjectSection(SolutionItems) = preProject
		build\phases\android.yml = build\phases\android.yml
		build\phases\build-module.yml = build\phases\build-module.yml
		build\phases\ios.yml = build\phases\ios.yml
		build\phases\run-uitests.yml = build\phases\run-uitests.yml
	EndProjectSection
EndProject
Project("{2150E333-8FDC-42A3-9474-1A3956D46DE8}") = "steps", "steps", "{C749D231-26D1-4660-B708-8CD77E7CE7F8}"
	ProjectSection(SolutionItems) = preProject
		build\steps\generate-secrets.yml = build\steps\generate-secrets.yml
		build\steps\nuget-restore.yml = build\steps\nuget-restore.yml
	EndProjectSection
EndProject
Global
	GlobalSection(SolutionConfigurationPlatforms) = preSolution
		Ad-Hoc|Any CPU = Ad-Hoc|Any CPU
		Ad-Hoc|ARM = Ad-Hoc|ARM
		Ad-Hoc|iPhone = Ad-Hoc|iPhone
		Ad-Hoc|iPhoneSimulator = Ad-Hoc|iPhoneSimulator
		Ad-Hoc|x64 = Ad-Hoc|x64
		Ad-Hoc|x86 = Ad-Hoc|x86
		AppStore|Any CPU = AppStore|Any CPU
		AppStore|ARM = AppStore|ARM
		AppStore|iPhone = AppStore|iPhone
		AppStore|iPhoneSimulator = AppStore|iPhoneSimulator
		AppStore|x64 = AppStore|x64
		AppStore|x86 = AppStore|x86
		Debug|Any CPU = Debug|Any CPU
		Debug|ARM = Debug|ARM
		Debug|iPhone = Debug|iPhone
		Debug|iPhoneSimulator = Debug|iPhoneSimulator
		Debug|x64 = Debug|x64
		Debug|x86 = Debug|x86
		Release|Any CPU = Release|Any CPU
		Release|ARM = Release|ARM
		Release|iPhone = Release|iPhone
		Release|iPhoneSimulator = Release|iPhoneSimulator
		Release|x64 = Release|x64
		Release|x86 = Release|x86
		UITest|Any CPU = UITest|Any CPU
		UITest|ARM = UITest|ARM
		UITest|iPhone = UITest|iPhone
		UITest|iPhoneSimulator = UITest|iPhoneSimulator
		UITest|x64 = UITest|x64
		UITest|x86 = UITest|x86
	EndGlobalSection
	GlobalSection(ProjectConfigurationPlatforms) = postSolution
		{7F72CF1C-95BD-467C-B179-9F2C7985EFCA}.Ad-Hoc|Any CPU.ActiveCfg = Release|Any CPU
		{7F72CF1C-95BD-467C-B179-9F2C7985EFCA}.Ad-Hoc|Any CPU.Build.0 = Release|Any CPU
		{7F72CF1C-95BD-467C-B179-9F2C7985EFCA}.Ad-Hoc|Any CPU.Deploy.0 = Release|Any CPU
		{7F72CF1C-95BD-467C-B179-9F2C7985EFCA}.Ad-Hoc|ARM.ActiveCfg = Release|Any CPU
		{7F72CF1C-95BD-467C-B179-9F2C7985EFCA}.Ad-Hoc|ARM.Build.0 = Release|Any CPU
		{7F72CF1C-95BD-467C-B179-9F2C7985EFCA}.Ad-Hoc|ARM.Deploy.0 = Release|Any CPU
		{7F72CF1C-95BD-467C-B179-9F2C7985EFCA}.Ad-Hoc|iPhone.ActiveCfg = Release|Any CPU
		{7F72CF1C-95BD-467C-B179-9F2C7985EFCA}.Ad-Hoc|iPhone.Build.0 = Release|Any CPU
		{7F72CF1C-95BD-467C-B179-9F2C7985EFCA}.Ad-Hoc|iPhone.Deploy.0 = Release|Any CPU
		{7F72CF1C-95BD-467C-B179-9F2C7985EFCA}.Ad-Hoc|iPhoneSimulator.ActiveCfg = Release|Any CPU
		{7F72CF1C-95BD-467C-B179-9F2C7985EFCA}.Ad-Hoc|iPhoneSimulator.Build.0 = Release|Any CPU
		{7F72CF1C-95BD-467C-B179-9F2C7985EFCA}.Ad-Hoc|iPhoneSimulator.Deploy.0 = Release|Any CPU
		{7F72CF1C-95BD-467C-B179-9F2C7985EFCA}.Ad-Hoc|x64.ActiveCfg = Release|Any CPU
		{7F72CF1C-95BD-467C-B179-9F2C7985EFCA}.Ad-Hoc|x64.Build.0 = Release|Any CPU
		{7F72CF1C-95BD-467C-B179-9F2C7985EFCA}.Ad-Hoc|x64.Deploy.0 = Release|Any CPU
		{7F72CF1C-95BD-467C-B179-9F2C7985EFCA}.Ad-Hoc|x86.ActiveCfg = Release|Any CPU
		{7F72CF1C-95BD-467C-B179-9F2C7985EFCA}.Ad-Hoc|x86.Build.0 = Release|Any CPU
		{7F72CF1C-95BD-467C-B179-9F2C7985EFCA}.Ad-Hoc|x86.Deploy.0 = Release|Any CPU
		{7F72CF1C-95BD-467C-B179-9F2C7985EFCA}.AppStore|Any CPU.ActiveCfg = Release|Any CPU
		{7F72CF1C-95BD-467C-B179-9F2C7985EFCA}.AppStore|Any CPU.Build.0 = Release|Any CPU
		{7F72CF1C-95BD-467C-B179-9F2C7985EFCA}.AppStore|Any CPU.Deploy.0 = Release|Any CPU
		{7F72CF1C-95BD-467C-B179-9F2C7985EFCA}.AppStore|ARM.ActiveCfg = Release|Any CPU
		{7F72CF1C-95BD-467C-B179-9F2C7985EFCA}.AppStore|ARM.Build.0 = Release|Any CPU
		{7F72CF1C-95BD-467C-B179-9F2C7985EFCA}.AppStore|ARM.Deploy.0 = Release|Any CPU
		{7F72CF1C-95BD-467C-B179-9F2C7985EFCA}.AppStore|iPhone.ActiveCfg = Release|Any CPU
		{7F72CF1C-95BD-467C-B179-9F2C7985EFCA}.AppStore|iPhone.Build.0 = Release|Any CPU
		{7F72CF1C-95BD-467C-B179-9F2C7985EFCA}.AppStore|iPhone.Deploy.0 = Release|Any CPU
		{7F72CF1C-95BD-467C-B179-9F2C7985EFCA}.AppStore|iPhoneSimulator.ActiveCfg = Release|Any CPU
		{7F72CF1C-95BD-467C-B179-9F2C7985EFCA}.AppStore|iPhoneSimulator.Build.0 = Release|Any CPU
		{7F72CF1C-95BD-467C-B179-9F2C7985EFCA}.AppStore|iPhoneSimulator.Deploy.0 = Release|Any CPU
		{7F72CF1C-95BD-467C-B179-9F2C7985EFCA}.AppStore|x64.ActiveCfg = Release|Any CPU
		{7F72CF1C-95BD-467C-B179-9F2C7985EFCA}.AppStore|x64.Build.0 = Release|Any CPU
		{7F72CF1C-95BD-467C-B179-9F2C7985EFCA}.AppStore|x64.Deploy.0 = Release|Any CPU
		{7F72CF1C-95BD-467C-B179-9F2C7985EFCA}.AppStore|x86.ActiveCfg = Release|Any CPU
		{7F72CF1C-95BD-467C-B179-9F2C7985EFCA}.AppStore|x86.Build.0 = Release|Any CPU
		{7F72CF1C-95BD-467C-B179-9F2C7985EFCA}.AppStore|x86.Deploy.0 = Release|Any CPU
		{7F72CF1C-95BD-467C-B179-9F2C7985EFCA}.Debug|Any CPU.ActiveCfg = Debug|Any CPU
		{7F72CF1C-95BD-467C-B179-9F2C7985EFCA}.Debug|Any CPU.Build.0 = Debug|Any CPU
		{7F72CF1C-95BD-467C-B179-9F2C7985EFCA}.Debug|Any CPU.Deploy.0 = Debug|Any CPU
		{7F72CF1C-95BD-467C-B179-9F2C7985EFCA}.Debug|ARM.ActiveCfg = Debug|Any CPU
		{7F72CF1C-95BD-467C-B179-9F2C7985EFCA}.Debug|ARM.Build.0 = Debug|Any CPU
		{7F72CF1C-95BD-467C-B179-9F2C7985EFCA}.Debug|ARM.Deploy.0 = Debug|Any CPU
		{7F72CF1C-95BD-467C-B179-9F2C7985EFCA}.Debug|iPhone.ActiveCfg = Debug|Any CPU
		{7F72CF1C-95BD-467C-B179-9F2C7985EFCA}.Debug|iPhone.Build.0 = Debug|Any CPU
		{7F72CF1C-95BD-467C-B179-9F2C7985EFCA}.Debug|iPhone.Deploy.0 = Debug|Any CPU
		{7F72CF1C-95BD-467C-B179-9F2C7985EFCA}.Debug|iPhoneSimulator.ActiveCfg = Debug|Any CPU
		{7F72CF1C-95BD-467C-B179-9F2C7985EFCA}.Debug|iPhoneSimulator.Build.0 = Debug|Any CPU
		{7F72CF1C-95BD-467C-B179-9F2C7985EFCA}.Debug|iPhoneSimulator.Deploy.0 = Debug|Any CPU
		{7F72CF1C-95BD-467C-B179-9F2C7985EFCA}.Debug|x64.ActiveCfg = Debug|Any CPU
		{7F72CF1C-95BD-467C-B179-9F2C7985EFCA}.Debug|x64.Build.0 = Debug|Any CPU
		{7F72CF1C-95BD-467C-B179-9F2C7985EFCA}.Debug|x64.Deploy.0 = Debug|Any CPU
		{7F72CF1C-95BD-467C-B179-9F2C7985EFCA}.Debug|x86.ActiveCfg = Debug|Any CPU
		{7F72CF1C-95BD-467C-B179-9F2C7985EFCA}.Debug|x86.Build.0 = Debug|Any CPU
		{7F72CF1C-95BD-467C-B179-9F2C7985EFCA}.Debug|x86.Deploy.0 = Debug|Any CPU
		{7F72CF1C-95BD-467C-B179-9F2C7985EFCA}.Release|Any CPU.ActiveCfg = Release|Any CPU
		{7F72CF1C-95BD-467C-B179-9F2C7985EFCA}.Release|ARM.ActiveCfg = Release|Any CPU
		{7F72CF1C-95BD-467C-B179-9F2C7985EFCA}.Release|ARM.Build.0 = Release|Any CPU
		{7F72CF1C-95BD-467C-B179-9F2C7985EFCA}.Release|ARM.Deploy.0 = Release|Any CPU
		{7F72CF1C-95BD-467C-B179-9F2C7985EFCA}.Release|iPhone.ActiveCfg = Release|Any CPU
		{7F72CF1C-95BD-467C-B179-9F2C7985EFCA}.Release|iPhone.Build.0 = Release|Any CPU
		{7F72CF1C-95BD-467C-B179-9F2C7985EFCA}.Release|iPhone.Deploy.0 = Release|Any CPU
		{7F72CF1C-95BD-467C-B179-9F2C7985EFCA}.Release|iPhoneSimulator.ActiveCfg = Release|Any CPU
		{7F72CF1C-95BD-467C-B179-9F2C7985EFCA}.Release|iPhoneSimulator.Build.0 = Release|Any CPU
		{7F72CF1C-95BD-467C-B179-9F2C7985EFCA}.Release|iPhoneSimulator.Deploy.0 = Release|Any CPU
		{7F72CF1C-95BD-467C-B179-9F2C7985EFCA}.Release|x64.ActiveCfg = Release|Any CPU
		{7F72CF1C-95BD-467C-B179-9F2C7985EFCA}.Release|x64.Build.0 = Release|Any CPU
		{7F72CF1C-95BD-467C-B179-9F2C7985EFCA}.Release|x64.Deploy.0 = Release|Any CPU
		{7F72CF1C-95BD-467C-B179-9F2C7985EFCA}.Release|x86.ActiveCfg = Release|Any CPU
		{7F72CF1C-95BD-467C-B179-9F2C7985EFCA}.Release|x86.Build.0 = Release|Any CPU
		{7F72CF1C-95BD-467C-B179-9F2C7985EFCA}.Release|x86.Deploy.0 = Release|Any CPU
		{7F72CF1C-95BD-467C-B179-9F2C7985EFCA}.UITest|Any CPU.ActiveCfg = UITest|Any CPU
		{7F72CF1C-95BD-467C-B179-9F2C7985EFCA}.UITest|Any CPU.Build.0 = UITest|Any CPU
		{7F72CF1C-95BD-467C-B179-9F2C7985EFCA}.UITest|Any CPU.Deploy.0 = UITest|Any CPU
		{7F72CF1C-95BD-467C-B179-9F2C7985EFCA}.UITest|ARM.ActiveCfg = UITest|Any CPU
		{7F72CF1C-95BD-467C-B179-9F2C7985EFCA}.UITest|ARM.Build.0 = UITest|Any CPU
		{7F72CF1C-95BD-467C-B179-9F2C7985EFCA}.UITest|ARM.Deploy.0 = UITest|Any CPU
		{7F72CF1C-95BD-467C-B179-9F2C7985EFCA}.UITest|iPhone.ActiveCfg = UITest|Any CPU
		{7F72CF1C-95BD-467C-B179-9F2C7985EFCA}.UITest|iPhone.Build.0 = UITest|Any CPU
		{7F72CF1C-95BD-467C-B179-9F2C7985EFCA}.UITest|iPhone.Deploy.0 = UITest|Any CPU
		{7F72CF1C-95BD-467C-B179-9F2C7985EFCA}.UITest|iPhoneSimulator.ActiveCfg = UITest|Any CPU
		{7F72CF1C-95BD-467C-B179-9F2C7985EFCA}.UITest|iPhoneSimulator.Build.0 = UITest|Any CPU
		{7F72CF1C-95BD-467C-B179-9F2C7985EFCA}.UITest|iPhoneSimulator.Deploy.0 = UITest|Any CPU
		{7F72CF1C-95BD-467C-B179-9F2C7985EFCA}.UITest|x64.ActiveCfg = UITest|Any CPU
		{7F72CF1C-95BD-467C-B179-9F2C7985EFCA}.UITest|x64.Build.0 = UITest|Any CPU
		{7F72CF1C-95BD-467C-B179-9F2C7985EFCA}.UITest|x64.Deploy.0 = UITest|Any CPU
		{7F72CF1C-95BD-467C-B179-9F2C7985EFCA}.UITest|x86.ActiveCfg = UITest|Any CPU
		{7F72CF1C-95BD-467C-B179-9F2C7985EFCA}.UITest|x86.Build.0 = UITest|Any CPU
		{7F72CF1C-95BD-467C-B179-9F2C7985EFCA}.UITest|x86.Deploy.0 = UITest|Any CPU
		{CECB9506-E0E8-413E-86C1-AE45691EA9DD}.Ad-Hoc|Any CPU.ActiveCfg = Ad-Hoc|iPhone
		{CECB9506-E0E8-413E-86C1-AE45691EA9DD}.Ad-Hoc|Any CPU.Build.0 = Ad-Hoc|iPhone
		{CECB9506-E0E8-413E-86C1-AE45691EA9DD}.Ad-Hoc|Any CPU.Deploy.0 = Ad-Hoc|iPhone
		{CECB9506-E0E8-413E-86C1-AE45691EA9DD}.Ad-Hoc|ARM.ActiveCfg = Ad-Hoc|iPhone
		{CECB9506-E0E8-413E-86C1-AE45691EA9DD}.Ad-Hoc|ARM.Build.0 = Ad-Hoc|iPhone
		{CECB9506-E0E8-413E-86C1-AE45691EA9DD}.Ad-Hoc|ARM.Deploy.0 = Ad-Hoc|iPhone
		{CECB9506-E0E8-413E-86C1-AE45691EA9DD}.Ad-Hoc|iPhone.ActiveCfg = Ad-Hoc|iPhone
		{CECB9506-E0E8-413E-86C1-AE45691EA9DD}.Ad-Hoc|iPhone.Build.0 = Ad-Hoc|iPhone
		{CECB9506-E0E8-413E-86C1-AE45691EA9DD}.Ad-Hoc|iPhone.Deploy.0 = Ad-Hoc|iPhone
		{CECB9506-E0E8-413E-86C1-AE45691EA9DD}.Ad-Hoc|iPhoneSimulator.ActiveCfg = Ad-Hoc|iPhoneSimulator
		{CECB9506-E0E8-413E-86C1-AE45691EA9DD}.Ad-Hoc|iPhoneSimulator.Build.0 = Ad-Hoc|iPhoneSimulator
		{CECB9506-E0E8-413E-86C1-AE45691EA9DD}.Ad-Hoc|iPhoneSimulator.Deploy.0 = Ad-Hoc|iPhoneSimulator
		{CECB9506-E0E8-413E-86C1-AE45691EA9DD}.Ad-Hoc|x64.ActiveCfg = Ad-Hoc|iPhone
		{CECB9506-E0E8-413E-86C1-AE45691EA9DD}.Ad-Hoc|x64.Build.0 = Ad-Hoc|iPhone
		{CECB9506-E0E8-413E-86C1-AE45691EA9DD}.Ad-Hoc|x64.Deploy.0 = Ad-Hoc|iPhone
		{CECB9506-E0E8-413E-86C1-AE45691EA9DD}.Ad-Hoc|x86.ActiveCfg = Ad-Hoc|iPhone
		{CECB9506-E0E8-413E-86C1-AE45691EA9DD}.Ad-Hoc|x86.Build.0 = Ad-Hoc|iPhone
		{CECB9506-E0E8-413E-86C1-AE45691EA9DD}.Ad-Hoc|x86.Deploy.0 = Ad-Hoc|iPhone
		{CECB9506-E0E8-413E-86C1-AE45691EA9DD}.AppStore|Any CPU.ActiveCfg = AppStore|iPhone
		{CECB9506-E0E8-413E-86C1-AE45691EA9DD}.AppStore|Any CPU.Build.0 = AppStore|iPhone
		{CECB9506-E0E8-413E-86C1-AE45691EA9DD}.AppStore|Any CPU.Deploy.0 = AppStore|iPhone
		{CECB9506-E0E8-413E-86C1-AE45691EA9DD}.AppStore|ARM.ActiveCfg = AppStore|iPhone
		{CECB9506-E0E8-413E-86C1-AE45691EA9DD}.AppStore|ARM.Build.0 = AppStore|iPhone
		{CECB9506-E0E8-413E-86C1-AE45691EA9DD}.AppStore|ARM.Deploy.0 = AppStore|iPhone
		{CECB9506-E0E8-413E-86C1-AE45691EA9DD}.AppStore|iPhone.ActiveCfg = AppStore|iPhone
		{CECB9506-E0E8-413E-86C1-AE45691EA9DD}.AppStore|iPhone.Build.0 = AppStore|iPhone
		{CECB9506-E0E8-413E-86C1-AE45691EA9DD}.AppStore|iPhone.Deploy.0 = AppStore|iPhone
		{CECB9506-E0E8-413E-86C1-AE45691EA9DD}.AppStore|iPhoneSimulator.ActiveCfg = AppStore|iPhoneSimulator
		{CECB9506-E0E8-413E-86C1-AE45691EA9DD}.AppStore|iPhoneSimulator.Build.0 = AppStore|iPhoneSimulator
		{CECB9506-E0E8-413E-86C1-AE45691EA9DD}.AppStore|iPhoneSimulator.Deploy.0 = AppStore|iPhoneSimulator
		{CECB9506-E0E8-413E-86C1-AE45691EA9DD}.AppStore|x64.ActiveCfg = AppStore|iPhone
		{CECB9506-E0E8-413E-86C1-AE45691EA9DD}.AppStore|x64.Build.0 = AppStore|iPhone
		{CECB9506-E0E8-413E-86C1-AE45691EA9DD}.AppStore|x64.Deploy.0 = AppStore|iPhone
		{CECB9506-E0E8-413E-86C1-AE45691EA9DD}.AppStore|x86.ActiveCfg = AppStore|iPhone
		{CECB9506-E0E8-413E-86C1-AE45691EA9DD}.AppStore|x86.Build.0 = AppStore|iPhone
		{CECB9506-E0E8-413E-86C1-AE45691EA9DD}.AppStore|x86.Deploy.0 = AppStore|iPhone
		{CECB9506-E0E8-413E-86C1-AE45691EA9DD}.Debug|Any CPU.ActiveCfg = Debug|iPhoneSimulator
		{CECB9506-E0E8-413E-86C1-AE45691EA9DD}.Debug|Any CPU.Build.0 = Debug|iPhoneSimulator
		{CECB9506-E0E8-413E-86C1-AE45691EA9DD}.Debug|Any CPU.Deploy.0 = Debug|iPhoneSimulator
		{CECB9506-E0E8-413E-86C1-AE45691EA9DD}.Debug|ARM.ActiveCfg = Debug|iPhone
		{CECB9506-E0E8-413E-86C1-AE45691EA9DD}.Debug|ARM.Build.0 = Debug|iPhone
		{CECB9506-E0E8-413E-86C1-AE45691EA9DD}.Debug|ARM.Deploy.0 = Debug|iPhone
		{CECB9506-E0E8-413E-86C1-AE45691EA9DD}.Debug|iPhone.ActiveCfg = Debug|iPhone
		{CECB9506-E0E8-413E-86C1-AE45691EA9DD}.Debug|iPhone.Build.0 = Debug|iPhone
		{CECB9506-E0E8-413E-86C1-AE45691EA9DD}.Debug|iPhone.Deploy.0 = Debug|iPhone
		{CECB9506-E0E8-413E-86C1-AE45691EA9DD}.Debug|iPhoneSimulator.ActiveCfg = Debug|iPhoneSimulator
		{CECB9506-E0E8-413E-86C1-AE45691EA9DD}.Debug|iPhoneSimulator.Build.0 = Debug|iPhoneSimulator
		{CECB9506-E0E8-413E-86C1-AE45691EA9DD}.Debug|iPhoneSimulator.Deploy.0 = Debug|iPhoneSimulator
		{CECB9506-E0E8-413E-86C1-AE45691EA9DD}.Debug|x64.ActiveCfg = Debug|iPhone
		{CECB9506-E0E8-413E-86C1-AE45691EA9DD}.Debug|x64.Build.0 = Debug|iPhone
		{CECB9506-E0E8-413E-86C1-AE45691EA9DD}.Debug|x64.Deploy.0 = Debug|iPhone
		{CECB9506-E0E8-413E-86C1-AE45691EA9DD}.Debug|x86.ActiveCfg = Debug|iPhone
		{CECB9506-E0E8-413E-86C1-AE45691EA9DD}.Debug|x86.Build.0 = Debug|iPhone
		{CECB9506-E0E8-413E-86C1-AE45691EA9DD}.Debug|x86.Deploy.0 = Debug|iPhone
		{CECB9506-E0E8-413E-86C1-AE45691EA9DD}.Release|Any CPU.ActiveCfg = Release|iPhone
		{CECB9506-E0E8-413E-86C1-AE45691EA9DD}.Release|Any CPU.Deploy.0 = Release|iPhone
		{CECB9506-E0E8-413E-86C1-AE45691EA9DD}.Release|ARM.ActiveCfg = Release|iPhone
		{CECB9506-E0E8-413E-86C1-AE45691EA9DD}.Release|ARM.Build.0 = Release|iPhone
		{CECB9506-E0E8-413E-86C1-AE45691EA9DD}.Release|ARM.Deploy.0 = Release|iPhone
		{CECB9506-E0E8-413E-86C1-AE45691EA9DD}.Release|iPhone.ActiveCfg = Release|iPhone
		{CECB9506-E0E8-413E-86C1-AE45691EA9DD}.Release|iPhone.Build.0 = Release|iPhone
		{CECB9506-E0E8-413E-86C1-AE45691EA9DD}.Release|iPhone.Deploy.0 = Release|iPhone
		{CECB9506-E0E8-413E-86C1-AE45691EA9DD}.Release|iPhoneSimulator.ActiveCfg = Release|iPhoneSimulator
		{CECB9506-E0E8-413E-86C1-AE45691EA9DD}.Release|iPhoneSimulator.Build.0 = Release|iPhoneSimulator
		{CECB9506-E0E8-413E-86C1-AE45691EA9DD}.Release|iPhoneSimulator.Deploy.0 = Release|iPhoneSimulator
		{CECB9506-E0E8-413E-86C1-AE45691EA9DD}.Release|x64.ActiveCfg = Release|iPhone
		{CECB9506-E0E8-413E-86C1-AE45691EA9DD}.Release|x64.Build.0 = Release|iPhone
		{CECB9506-E0E8-413E-86C1-AE45691EA9DD}.Release|x64.Deploy.0 = Release|iPhone
		{CECB9506-E0E8-413E-86C1-AE45691EA9DD}.Release|x86.ActiveCfg = Release|iPhone
		{CECB9506-E0E8-413E-86C1-AE45691EA9DD}.Release|x86.Build.0 = Release|iPhone
		{CECB9506-E0E8-413E-86C1-AE45691EA9DD}.Release|x86.Deploy.0 = Release|iPhone
		{CECB9506-E0E8-413E-86C1-AE45691EA9DD}.UITest|Any CPU.ActiveCfg = UITest|iPhone
		{CECB9506-E0E8-413E-86C1-AE45691EA9DD}.UITest|ARM.ActiveCfg = UITest|iPhone
		{CECB9506-E0E8-413E-86C1-AE45691EA9DD}.UITest|iPhone.ActiveCfg = UITest|iPhone
		{CECB9506-E0E8-413E-86C1-AE45691EA9DD}.UITest|iPhone.Build.0 = UITest|iPhone
		{CECB9506-E0E8-413E-86C1-AE45691EA9DD}.UITest|iPhoneSimulator.ActiveCfg = UITest|iPhoneSimulator
		{CECB9506-E0E8-413E-86C1-AE45691EA9DD}.UITest|iPhoneSimulator.Build.0 = UITest|iPhoneSimulator
		{CECB9506-E0E8-413E-86C1-AE45691EA9DD}.UITest|x64.ActiveCfg = UITest|iPhone
		{CECB9506-E0E8-413E-86C1-AE45691EA9DD}.UITest|x86.ActiveCfg = UITest|iPhone
		{A36F264C-38E6-4874-9906-33DBC5042D80}.Ad-Hoc|Any CPU.ActiveCfg = Release|x86
		{A36F264C-38E6-4874-9906-33DBC5042D80}.Ad-Hoc|Any CPU.Build.0 = Release|x86
		{A36F264C-38E6-4874-9906-33DBC5042D80}.Ad-Hoc|Any CPU.Deploy.0 = Release|x86
		{A36F264C-38E6-4874-9906-33DBC5042D80}.Ad-Hoc|ARM.ActiveCfg = Release|ARM
		{A36F264C-38E6-4874-9906-33DBC5042D80}.Ad-Hoc|ARM.Build.0 = Release|ARM
		{A36F264C-38E6-4874-9906-33DBC5042D80}.Ad-Hoc|ARM.Deploy.0 = Release|ARM
		{A36F264C-38E6-4874-9906-33DBC5042D80}.Ad-Hoc|iPhone.ActiveCfg = Release|x86
		{A36F264C-38E6-4874-9906-33DBC5042D80}.Ad-Hoc|iPhone.Build.0 = Release|x86
		{A36F264C-38E6-4874-9906-33DBC5042D80}.Ad-Hoc|iPhone.Deploy.0 = Release|x86
		{A36F264C-38E6-4874-9906-33DBC5042D80}.Ad-Hoc|iPhoneSimulator.ActiveCfg = Release|x86
		{A36F264C-38E6-4874-9906-33DBC5042D80}.Ad-Hoc|iPhoneSimulator.Build.0 = Release|x86
		{A36F264C-38E6-4874-9906-33DBC5042D80}.Ad-Hoc|iPhoneSimulator.Deploy.0 = Release|x86
		{A36F264C-38E6-4874-9906-33DBC5042D80}.Ad-Hoc|x64.ActiveCfg = Release|x64
		{A36F264C-38E6-4874-9906-33DBC5042D80}.Ad-Hoc|x64.Build.0 = Release|x64
		{A36F264C-38E6-4874-9906-33DBC5042D80}.Ad-Hoc|x64.Deploy.0 = Release|x64
		{A36F264C-38E6-4874-9906-33DBC5042D80}.Ad-Hoc|x86.ActiveCfg = Release|x86
		{A36F264C-38E6-4874-9906-33DBC5042D80}.Ad-Hoc|x86.Build.0 = Release|x86
		{A36F264C-38E6-4874-9906-33DBC5042D80}.Ad-Hoc|x86.Deploy.0 = Release|x86
		{A36F264C-38E6-4874-9906-33DBC5042D80}.AppStore|Any CPU.ActiveCfg = Release|x86
		{A36F264C-38E6-4874-9906-33DBC5042D80}.AppStore|Any CPU.Build.0 = Release|x86
		{A36F264C-38E6-4874-9906-33DBC5042D80}.AppStore|Any CPU.Deploy.0 = Release|x86
		{A36F264C-38E6-4874-9906-33DBC5042D80}.AppStore|ARM.ActiveCfg = Release|ARM
		{A36F264C-38E6-4874-9906-33DBC5042D80}.AppStore|ARM.Build.0 = Release|ARM
		{A36F264C-38E6-4874-9906-33DBC5042D80}.AppStore|ARM.Deploy.0 = Release|ARM
		{A36F264C-38E6-4874-9906-33DBC5042D80}.AppStore|iPhone.ActiveCfg = Release|x86
		{A36F264C-38E6-4874-9906-33DBC5042D80}.AppStore|iPhone.Build.0 = Release|x86
		{A36F264C-38E6-4874-9906-33DBC5042D80}.AppStore|iPhone.Deploy.0 = Release|x86
		{A36F264C-38E6-4874-9906-33DBC5042D80}.AppStore|iPhoneSimulator.ActiveCfg = Release|x86
		{A36F264C-38E6-4874-9906-33DBC5042D80}.AppStore|iPhoneSimulator.Build.0 = Release|x86
		{A36F264C-38E6-4874-9906-33DBC5042D80}.AppStore|iPhoneSimulator.Deploy.0 = Release|x86
		{A36F264C-38E6-4874-9906-33DBC5042D80}.AppStore|x64.ActiveCfg = Release|x64
		{A36F264C-38E6-4874-9906-33DBC5042D80}.AppStore|x64.Build.0 = Release|x64
		{A36F264C-38E6-4874-9906-33DBC5042D80}.AppStore|x64.Deploy.0 = Release|x64
		{A36F264C-38E6-4874-9906-33DBC5042D80}.AppStore|x86.ActiveCfg = Release|x86
		{A36F264C-38E6-4874-9906-33DBC5042D80}.AppStore|x86.Build.0 = Release|x86
		{A36F264C-38E6-4874-9906-33DBC5042D80}.AppStore|x86.Deploy.0 = Release|x86
		{A36F264C-38E6-4874-9906-33DBC5042D80}.Debug|Any CPU.ActiveCfg = Debug|x86
		{A36F264C-38E6-4874-9906-33DBC5042D80}.Debug|Any CPU.Build.0 = Debug|x86
		{A36F264C-38E6-4874-9906-33DBC5042D80}.Debug|Any CPU.Deploy.0 = Debug|x86
		{A36F264C-38E6-4874-9906-33DBC5042D80}.Debug|ARM.ActiveCfg = Debug|ARM
		{A36F264C-38E6-4874-9906-33DBC5042D80}.Debug|ARM.Build.0 = Debug|ARM
		{A36F264C-38E6-4874-9906-33DBC5042D80}.Debug|ARM.Deploy.0 = Debug|ARM
		{A36F264C-38E6-4874-9906-33DBC5042D80}.Debug|iPhone.ActiveCfg = Debug|x86
		{A36F264C-38E6-4874-9906-33DBC5042D80}.Debug|iPhone.Build.0 = Debug|x86
		{A36F264C-38E6-4874-9906-33DBC5042D80}.Debug|iPhone.Deploy.0 = Debug|x86
		{A36F264C-38E6-4874-9906-33DBC5042D80}.Debug|iPhoneSimulator.ActiveCfg = Debug|x86
		{A36F264C-38E6-4874-9906-33DBC5042D80}.Debug|iPhoneSimulator.Build.0 = Debug|x86
		{A36F264C-38E6-4874-9906-33DBC5042D80}.Debug|iPhoneSimulator.Deploy.0 = Debug|x86
		{A36F264C-38E6-4874-9906-33DBC5042D80}.Debug|x64.ActiveCfg = Debug|x64
		{A36F264C-38E6-4874-9906-33DBC5042D80}.Debug|x64.Build.0 = Debug|x64
		{A36F264C-38E6-4874-9906-33DBC5042D80}.Debug|x64.Deploy.0 = Debug|x64
		{A36F264C-38E6-4874-9906-33DBC5042D80}.Debug|x86.ActiveCfg = Debug|x86
		{A36F264C-38E6-4874-9906-33DBC5042D80}.Debug|x86.Build.0 = Debug|x86
		{A36F264C-38E6-4874-9906-33DBC5042D80}.Debug|x86.Deploy.0 = Debug|x86
		{A36F264C-38E6-4874-9906-33DBC5042D80}.Release|Any CPU.ActiveCfg = Release|x86
		{A36F264C-38E6-4874-9906-33DBC5042D80}.Release|ARM.ActiveCfg = Release|ARM
		{A36F264C-38E6-4874-9906-33DBC5042D80}.Release|ARM.Build.0 = Release|ARM
		{A36F264C-38E6-4874-9906-33DBC5042D80}.Release|ARM.Deploy.0 = Release|ARM
		{A36F264C-38E6-4874-9906-33DBC5042D80}.Release|iPhone.ActiveCfg = Release|x86
		{A36F264C-38E6-4874-9906-33DBC5042D80}.Release|iPhone.Build.0 = Release|x86
		{A36F264C-38E6-4874-9906-33DBC5042D80}.Release|iPhone.Deploy.0 = Release|x86
		{A36F264C-38E6-4874-9906-33DBC5042D80}.Release|iPhoneSimulator.ActiveCfg = Release|x86
		{A36F264C-38E6-4874-9906-33DBC5042D80}.Release|iPhoneSimulator.Build.0 = Release|x86
		{A36F264C-38E6-4874-9906-33DBC5042D80}.Release|iPhoneSimulator.Deploy.0 = Release|x86
		{A36F264C-38E6-4874-9906-33DBC5042D80}.Release|x64.ActiveCfg = Release|x64
		{A36F264C-38E6-4874-9906-33DBC5042D80}.Release|x64.Build.0 = Release|x64
		{A36F264C-38E6-4874-9906-33DBC5042D80}.Release|x64.Deploy.0 = Release|x64
		{A36F264C-38E6-4874-9906-33DBC5042D80}.Release|x86.ActiveCfg = Release|x86
		{A36F264C-38E6-4874-9906-33DBC5042D80}.Release|x86.Build.0 = Release|x86
		{A36F264C-38E6-4874-9906-33DBC5042D80}.Release|x86.Deploy.0 = Release|x86
		{A36F264C-38E6-4874-9906-33DBC5042D80}.UITest|Any CPU.ActiveCfg = UITest|x86
		{A36F264C-38E6-4874-9906-33DBC5042D80}.UITest|ARM.ActiveCfg = UITest|ARM
		{A36F264C-38E6-4874-9906-33DBC5042D80}.UITest|ARM.Build.0 = UITest|ARM
		{A36F264C-38E6-4874-9906-33DBC5042D80}.UITest|ARM.Deploy.0 = UITest|ARM
		{A36F264C-38E6-4874-9906-33DBC5042D80}.UITest|iPhone.ActiveCfg = UITest|x86
		{A36F264C-38E6-4874-9906-33DBC5042D80}.UITest|iPhoneSimulator.ActiveCfg = UITest|x86
		{A36F264C-38E6-4874-9906-33DBC5042D80}.UITest|x64.ActiveCfg = UITest|x64
		{A36F264C-38E6-4874-9906-33DBC5042D80}.UITest|x64.Build.0 = UITest|x64
		{A36F264C-38E6-4874-9906-33DBC5042D80}.UITest|x64.Deploy.0 = UITest|x64
		{A36F264C-38E6-4874-9906-33DBC5042D80}.UITest|x86.ActiveCfg = UITest|x86
		{A36F264C-38E6-4874-9906-33DBC5042D80}.UITest|x86.Build.0 = UITest|x86
		{A36F264C-38E6-4874-9906-33DBC5042D80}.UITest|x86.Deploy.0 = UITest|x86
		{DC3F6B22-0893-42E1-9EBD-3DF08931740E}.Ad-Hoc|Any CPU.ActiveCfg = Debug|Any CPU
		{DC3F6B22-0893-42E1-9EBD-3DF08931740E}.Ad-Hoc|Any CPU.Build.0 = Debug|Any CPU
		{DC3F6B22-0893-42E1-9EBD-3DF08931740E}.Ad-Hoc|Any CPU.Deploy.0 = Debug|Any CPU
		{DC3F6B22-0893-42E1-9EBD-3DF08931740E}.Ad-Hoc|ARM.ActiveCfg = Debug|Any CPU
		{DC3F6B22-0893-42E1-9EBD-3DF08931740E}.Ad-Hoc|ARM.Build.0 = Debug|Any CPU
		{DC3F6B22-0893-42E1-9EBD-3DF08931740E}.Ad-Hoc|ARM.Deploy.0 = Debug|Any CPU
		{DC3F6B22-0893-42E1-9EBD-3DF08931740E}.Ad-Hoc|iPhone.ActiveCfg = Debug|Any CPU
		{DC3F6B22-0893-42E1-9EBD-3DF08931740E}.Ad-Hoc|iPhone.Build.0 = Debug|Any CPU
		{DC3F6B22-0893-42E1-9EBD-3DF08931740E}.Ad-Hoc|iPhone.Deploy.0 = Debug|Any CPU
		{DC3F6B22-0893-42E1-9EBD-3DF08931740E}.Ad-Hoc|iPhoneSimulator.ActiveCfg = Debug|Any CPU
		{DC3F6B22-0893-42E1-9EBD-3DF08931740E}.Ad-Hoc|iPhoneSimulator.Build.0 = Debug|Any CPU
		{DC3F6B22-0893-42E1-9EBD-3DF08931740E}.Ad-Hoc|iPhoneSimulator.Deploy.0 = Debug|Any CPU
		{DC3F6B22-0893-42E1-9EBD-3DF08931740E}.Ad-Hoc|x64.ActiveCfg = Debug|Any CPU
		{DC3F6B22-0893-42E1-9EBD-3DF08931740E}.Ad-Hoc|x64.Build.0 = Debug|Any CPU
		{DC3F6B22-0893-42E1-9EBD-3DF08931740E}.Ad-Hoc|x64.Deploy.0 = Debug|Any CPU
		{DC3F6B22-0893-42E1-9EBD-3DF08931740E}.Ad-Hoc|x86.ActiveCfg = Debug|Any CPU
		{DC3F6B22-0893-42E1-9EBD-3DF08931740E}.Ad-Hoc|x86.Build.0 = Debug|Any CPU
		{DC3F6B22-0893-42E1-9EBD-3DF08931740E}.Ad-Hoc|x86.Deploy.0 = Debug|Any CPU
		{DC3F6B22-0893-42E1-9EBD-3DF08931740E}.AppStore|Any CPU.ActiveCfg = Debug|Any CPU
		{DC3F6B22-0893-42E1-9EBD-3DF08931740E}.AppStore|Any CPU.Build.0 = Debug|Any CPU
		{DC3F6B22-0893-42E1-9EBD-3DF08931740E}.AppStore|Any CPU.Deploy.0 = Debug|Any CPU
		{DC3F6B22-0893-42E1-9EBD-3DF08931740E}.AppStore|ARM.ActiveCfg = Debug|Any CPU
		{DC3F6B22-0893-42E1-9EBD-3DF08931740E}.AppStore|ARM.Build.0 = Debug|Any CPU
		{DC3F6B22-0893-42E1-9EBD-3DF08931740E}.AppStore|ARM.Deploy.0 = Debug|Any CPU
		{DC3F6B22-0893-42E1-9EBD-3DF08931740E}.AppStore|iPhone.ActiveCfg = Debug|Any CPU
		{DC3F6B22-0893-42E1-9EBD-3DF08931740E}.AppStore|iPhone.Build.0 = Debug|Any CPU
		{DC3F6B22-0893-42E1-9EBD-3DF08931740E}.AppStore|iPhone.Deploy.0 = Debug|Any CPU
		{DC3F6B22-0893-42E1-9EBD-3DF08931740E}.AppStore|iPhoneSimulator.ActiveCfg = Debug|Any CPU
		{DC3F6B22-0893-42E1-9EBD-3DF08931740E}.AppStore|iPhoneSimulator.Build.0 = Debug|Any CPU
		{DC3F6B22-0893-42E1-9EBD-3DF08931740E}.AppStore|iPhoneSimulator.Deploy.0 = Debug|Any CPU
		{DC3F6B22-0893-42E1-9EBD-3DF08931740E}.AppStore|x64.ActiveCfg = Debug|Any CPU
		{DC3F6B22-0893-42E1-9EBD-3DF08931740E}.AppStore|x64.Build.0 = Debug|Any CPU
		{DC3F6B22-0893-42E1-9EBD-3DF08931740E}.AppStore|x64.Deploy.0 = Debug|Any CPU
		{DC3F6B22-0893-42E1-9EBD-3DF08931740E}.AppStore|x86.ActiveCfg = Debug|Any CPU
		{DC3F6B22-0893-42E1-9EBD-3DF08931740E}.AppStore|x86.Build.0 = Debug|Any CPU
		{DC3F6B22-0893-42E1-9EBD-3DF08931740E}.AppStore|x86.Deploy.0 = Debug|Any CPU
		{DC3F6B22-0893-42E1-9EBD-3DF08931740E}.Debug|Any CPU.ActiveCfg = Debug|Any CPU
		{DC3F6B22-0893-42E1-9EBD-3DF08931740E}.Debug|Any CPU.Build.0 = Debug|Any CPU
		{DC3F6B22-0893-42E1-9EBD-3DF08931740E}.Debug|Any CPU.Deploy.0 = Debug|Any CPU
		{DC3F6B22-0893-42E1-9EBD-3DF08931740E}.Debug|ARM.ActiveCfg = Debug|Any CPU
		{DC3F6B22-0893-42E1-9EBD-3DF08931740E}.Debug|ARM.Build.0 = Debug|Any CPU
		{DC3F6B22-0893-42E1-9EBD-3DF08931740E}.Debug|ARM.Deploy.0 = Debug|Any CPU
		{DC3F6B22-0893-42E1-9EBD-3DF08931740E}.Debug|iPhone.ActiveCfg = Debug|Any CPU
		{DC3F6B22-0893-42E1-9EBD-3DF08931740E}.Debug|iPhone.Build.0 = Debug|Any CPU
		{DC3F6B22-0893-42E1-9EBD-3DF08931740E}.Debug|iPhone.Deploy.0 = Debug|Any CPU
		{DC3F6B22-0893-42E1-9EBD-3DF08931740E}.Debug|iPhoneSimulator.ActiveCfg = Debug|Any CPU
		{DC3F6B22-0893-42E1-9EBD-3DF08931740E}.Debug|iPhoneSimulator.Build.0 = Debug|Any CPU
		{DC3F6B22-0893-42E1-9EBD-3DF08931740E}.Debug|iPhoneSimulator.Deploy.0 = Debug|Any CPU
		{DC3F6B22-0893-42E1-9EBD-3DF08931740E}.Debug|x64.ActiveCfg = Debug|Any CPU
		{DC3F6B22-0893-42E1-9EBD-3DF08931740E}.Debug|x64.Build.0 = Debug|Any CPU
		{DC3F6B22-0893-42E1-9EBD-3DF08931740E}.Debug|x64.Deploy.0 = Debug|Any CPU
		{DC3F6B22-0893-42E1-9EBD-3DF08931740E}.Debug|x86.ActiveCfg = Debug|Any CPU
		{DC3F6B22-0893-42E1-9EBD-3DF08931740E}.Debug|x86.Build.0 = Debug|Any CPU
		{DC3F6B22-0893-42E1-9EBD-3DF08931740E}.Debug|x86.Deploy.0 = Debug|Any CPU
		{DC3F6B22-0893-42E1-9EBD-3DF08931740E}.Release|Any CPU.ActiveCfg = Release|Any CPU
		{DC3F6B22-0893-42E1-9EBD-3DF08931740E}.Release|Any CPU.Deploy.0 = Release|Any CPU
		{DC3F6B22-0893-42E1-9EBD-3DF08931740E}.Release|ARM.ActiveCfg = Release|Any CPU
		{DC3F6B22-0893-42E1-9EBD-3DF08931740E}.Release|ARM.Build.0 = Release|Any CPU
		{DC3F6B22-0893-42E1-9EBD-3DF08931740E}.Release|ARM.Deploy.0 = Release|Any CPU
		{DC3F6B22-0893-42E1-9EBD-3DF08931740E}.Release|iPhone.ActiveCfg = Release|Any CPU
		{DC3F6B22-0893-42E1-9EBD-3DF08931740E}.Release|iPhone.Build.0 = Release|Any CPU
		{DC3F6B22-0893-42E1-9EBD-3DF08931740E}.Release|iPhone.Deploy.0 = Release|Any CPU
		{DC3F6B22-0893-42E1-9EBD-3DF08931740E}.Release|iPhoneSimulator.ActiveCfg = Release|Any CPU
		{DC3F6B22-0893-42E1-9EBD-3DF08931740E}.Release|iPhoneSimulator.Build.0 = Release|Any CPU
		{DC3F6B22-0893-42E1-9EBD-3DF08931740E}.Release|iPhoneSimulator.Deploy.0 = Release|Any CPU
		{DC3F6B22-0893-42E1-9EBD-3DF08931740E}.Release|x64.ActiveCfg = Release|Any CPU
		{DC3F6B22-0893-42E1-9EBD-3DF08931740E}.Release|x64.Build.0 = Release|Any CPU
		{DC3F6B22-0893-42E1-9EBD-3DF08931740E}.Release|x64.Deploy.0 = Release|Any CPU
		{DC3F6B22-0893-42E1-9EBD-3DF08931740E}.Release|x86.ActiveCfg = Release|Any CPU
		{DC3F6B22-0893-42E1-9EBD-3DF08931740E}.Release|x86.Build.0 = Release|Any CPU
		{DC3F6B22-0893-42E1-9EBD-3DF08931740E}.Release|x86.Deploy.0 = Release|Any CPU
		{DC3F6B22-0893-42E1-9EBD-3DF08931740E}.UITest|Any CPU.ActiveCfg = Release|Any CPU
		{DC3F6B22-0893-42E1-9EBD-3DF08931740E}.UITest|Any CPU.Build.0 = Release|Any CPU
		{DC3F6B22-0893-42E1-9EBD-3DF08931740E}.UITest|ARM.ActiveCfg = Release|Any CPU
		{DC3F6B22-0893-42E1-9EBD-3DF08931740E}.UITest|ARM.Build.0 = Release|Any CPU
		{DC3F6B22-0893-42E1-9EBD-3DF08931740E}.UITest|iPhone.ActiveCfg = Release|Any CPU
		{DC3F6B22-0893-42E1-9EBD-3DF08931740E}.UITest|iPhone.Build.0 = Release|Any CPU
		{DC3F6B22-0893-42E1-9EBD-3DF08931740E}.UITest|iPhoneSimulator.ActiveCfg = Release|Any CPU
		{DC3F6B22-0893-42E1-9EBD-3DF08931740E}.UITest|iPhoneSimulator.Build.0 = Release|Any CPU
		{DC3F6B22-0893-42E1-9EBD-3DF08931740E}.UITest|x64.ActiveCfg = Release|Any CPU
		{DC3F6B22-0893-42E1-9EBD-3DF08931740E}.UITest|x64.Build.0 = Release|Any CPU
		{DC3F6B22-0893-42E1-9EBD-3DF08931740E}.UITest|x86.ActiveCfg = Release|Any CPU
		{DC3F6B22-0893-42E1-9EBD-3DF08931740E}.UITest|x86.Build.0 = Release|Any CPU
		{6DD5F8F8-B508-4451-BE11-FBBAAB313A98}.Ad-Hoc|Any CPU.ActiveCfg = Debug|Any CPU
		{6DD5F8F8-B508-4451-BE11-FBBAAB313A98}.Ad-Hoc|Any CPU.Build.0 = Debug|Any CPU
		{6DD5F8F8-B508-4451-BE11-FBBAAB313A98}.Ad-Hoc|ARM.ActiveCfg = Debug|Any CPU
		{6DD5F8F8-B508-4451-BE11-FBBAAB313A98}.Ad-Hoc|ARM.Build.0 = Debug|Any CPU
		{6DD5F8F8-B508-4451-BE11-FBBAAB313A98}.Ad-Hoc|iPhone.ActiveCfg = Debug|Any CPU
		{6DD5F8F8-B508-4451-BE11-FBBAAB313A98}.Ad-Hoc|iPhone.Build.0 = Debug|Any CPU
		{6DD5F8F8-B508-4451-BE11-FBBAAB313A98}.Ad-Hoc|iPhoneSimulator.ActiveCfg = Debug|Any CPU
		{6DD5F8F8-B508-4451-BE11-FBBAAB313A98}.Ad-Hoc|iPhoneSimulator.Build.0 = Debug|Any CPU
		{6DD5F8F8-B508-4451-BE11-FBBAAB313A98}.Ad-Hoc|x64.ActiveCfg = Debug|Any CPU
		{6DD5F8F8-B508-4451-BE11-FBBAAB313A98}.Ad-Hoc|x64.Build.0 = Debug|Any CPU
		{6DD5F8F8-B508-4451-BE11-FBBAAB313A98}.Ad-Hoc|x86.ActiveCfg = Debug|Any CPU
		{6DD5F8F8-B508-4451-BE11-FBBAAB313A98}.Ad-Hoc|x86.Build.0 = Debug|Any CPU
		{6DD5F8F8-B508-4451-BE11-FBBAAB313A98}.AppStore|Any CPU.ActiveCfg = Debug|Any CPU
		{6DD5F8F8-B508-4451-BE11-FBBAAB313A98}.AppStore|Any CPU.Build.0 = Debug|Any CPU
		{6DD5F8F8-B508-4451-BE11-FBBAAB313A98}.AppStore|ARM.ActiveCfg = Debug|Any CPU
		{6DD5F8F8-B508-4451-BE11-FBBAAB313A98}.AppStore|ARM.Build.0 = Debug|Any CPU
		{6DD5F8F8-B508-4451-BE11-FBBAAB313A98}.AppStore|iPhone.ActiveCfg = Debug|Any CPU
		{6DD5F8F8-B508-4451-BE11-FBBAAB313A98}.AppStore|iPhone.Build.0 = Debug|Any CPU
		{6DD5F8F8-B508-4451-BE11-FBBAAB313A98}.AppStore|iPhoneSimulator.ActiveCfg = Debug|Any CPU
		{6DD5F8F8-B508-4451-BE11-FBBAAB313A98}.AppStore|iPhoneSimulator.Build.0 = Debug|Any CPU
		{6DD5F8F8-B508-4451-BE11-FBBAAB313A98}.AppStore|x64.ActiveCfg = Debug|Any CPU
		{6DD5F8F8-B508-4451-BE11-FBBAAB313A98}.AppStore|x64.Build.0 = Debug|Any CPU
		{6DD5F8F8-B508-4451-BE11-FBBAAB313A98}.AppStore|x86.ActiveCfg = Debug|Any CPU
		{6DD5F8F8-B508-4451-BE11-FBBAAB313A98}.AppStore|x86.Build.0 = Debug|Any CPU
		{6DD5F8F8-B508-4451-BE11-FBBAAB313A98}.Debug|Any CPU.ActiveCfg = Debug|Any CPU
		{6DD5F8F8-B508-4451-BE11-FBBAAB313A98}.Debug|Any CPU.Build.0 = Debug|Any CPU
		{6DD5F8F8-B508-4451-BE11-FBBAAB313A98}.Debug|ARM.ActiveCfg = Debug|Any CPU
		{6DD5F8F8-B508-4451-BE11-FBBAAB313A98}.Debug|ARM.Build.0 = Debug|Any CPU
		{6DD5F8F8-B508-4451-BE11-FBBAAB313A98}.Debug|iPhone.ActiveCfg = Debug|Any CPU
		{6DD5F8F8-B508-4451-BE11-FBBAAB313A98}.Debug|iPhone.Build.0 = Debug|Any CPU
		{6DD5F8F8-B508-4451-BE11-FBBAAB313A98}.Debug|iPhoneSimulator.ActiveCfg = Debug|Any CPU
		{6DD5F8F8-B508-4451-BE11-FBBAAB313A98}.Debug|iPhoneSimulator.Build.0 = Debug|Any CPU
		{6DD5F8F8-B508-4451-BE11-FBBAAB313A98}.Debug|x64.ActiveCfg = Debug|Any CPU
		{6DD5F8F8-B508-4451-BE11-FBBAAB313A98}.Debug|x64.Build.0 = Debug|Any CPU
		{6DD5F8F8-B508-4451-BE11-FBBAAB313A98}.Debug|x86.ActiveCfg = Debug|Any CPU
		{6DD5F8F8-B508-4451-BE11-FBBAAB313A98}.Debug|x86.Build.0 = Debug|Any CPU
		{6DD5F8F8-B508-4451-BE11-FBBAAB313A98}.Release|Any CPU.ActiveCfg = Release|Any CPU
		{6DD5F8F8-B508-4451-BE11-FBBAAB313A98}.Release|Any CPU.Build.0 = Release|Any CPU
		{6DD5F8F8-B508-4451-BE11-FBBAAB313A98}.Release|ARM.ActiveCfg = Release|Any CPU
		{6DD5F8F8-B508-4451-BE11-FBBAAB313A98}.Release|ARM.Build.0 = Release|Any CPU
		{6DD5F8F8-B508-4451-BE11-FBBAAB313A98}.Release|iPhone.ActiveCfg = Release|Any CPU
		{6DD5F8F8-B508-4451-BE11-FBBAAB313A98}.Release|iPhone.Build.0 = Release|Any CPU
		{6DD5F8F8-B508-4451-BE11-FBBAAB313A98}.Release|iPhoneSimulator.ActiveCfg = Release|Any CPU
		{6DD5F8F8-B508-4451-BE11-FBBAAB313A98}.Release|iPhoneSimulator.Build.0 = Release|Any CPU
		{6DD5F8F8-B508-4451-BE11-FBBAAB313A98}.Release|x64.ActiveCfg = Release|Any CPU
		{6DD5F8F8-B508-4451-BE11-FBBAAB313A98}.Release|x64.Build.0 = Release|Any CPU
		{6DD5F8F8-B508-4451-BE11-FBBAAB313A98}.Release|x86.ActiveCfg = Release|Any CPU
		{6DD5F8F8-B508-4451-BE11-FBBAAB313A98}.Release|x86.Build.0 = Release|Any CPU
		{6DD5F8F8-B508-4451-BE11-FBBAAB313A98}.UITest|Any CPU.ActiveCfg = Release|Any CPU
		{6DD5F8F8-B508-4451-BE11-FBBAAB313A98}.UITest|Any CPU.Build.0 = Release|Any CPU
		{6DD5F8F8-B508-4451-BE11-FBBAAB313A98}.UITest|ARM.ActiveCfg = Release|Any CPU
		{6DD5F8F8-B508-4451-BE11-FBBAAB313A98}.UITest|ARM.Build.0 = Release|Any CPU
		{6DD5F8F8-B508-4451-BE11-FBBAAB313A98}.UITest|iPhone.ActiveCfg = Release|Any CPU
		{6DD5F8F8-B508-4451-BE11-FBBAAB313A98}.UITest|iPhone.Build.0 = Release|Any CPU
		{6DD5F8F8-B508-4451-BE11-FBBAAB313A98}.UITest|iPhoneSimulator.ActiveCfg = Release|Any CPU
		{6DD5F8F8-B508-4451-BE11-FBBAAB313A98}.UITest|iPhoneSimulator.Build.0 = Release|Any CPU
		{6DD5F8F8-B508-4451-BE11-FBBAAB313A98}.UITest|x64.ActiveCfg = Release|Any CPU
		{6DD5F8F8-B508-4451-BE11-FBBAAB313A98}.UITest|x64.Build.0 = Release|Any CPU
		{6DD5F8F8-B508-4451-BE11-FBBAAB313A98}.UITest|x86.ActiveCfg = Release|Any CPU
		{6DD5F8F8-B508-4451-BE11-FBBAAB313A98}.UITest|x86.Build.0 = Release|Any CPU
		{153AEFCD-C14A-43B1-99E1-BF05B8714FF0}.Ad-Hoc|Any CPU.ActiveCfg = Debug|Any CPU
		{153AEFCD-C14A-43B1-99E1-BF05B8714FF0}.Ad-Hoc|Any CPU.Build.0 = Debug|Any CPU
		{153AEFCD-C14A-43B1-99E1-BF05B8714FF0}.Ad-Hoc|ARM.ActiveCfg = Debug|Any CPU
		{153AEFCD-C14A-43B1-99E1-BF05B8714FF0}.Ad-Hoc|ARM.Build.0 = Debug|Any CPU
		{153AEFCD-C14A-43B1-99E1-BF05B8714FF0}.Ad-Hoc|iPhone.ActiveCfg = Debug|Any CPU
		{153AEFCD-C14A-43B1-99E1-BF05B8714FF0}.Ad-Hoc|iPhone.Build.0 = Debug|Any CPU
		{153AEFCD-C14A-43B1-99E1-BF05B8714FF0}.Ad-Hoc|iPhoneSimulator.ActiveCfg = Debug|Any CPU
		{153AEFCD-C14A-43B1-99E1-BF05B8714FF0}.Ad-Hoc|iPhoneSimulator.Build.0 = Debug|Any CPU
		{153AEFCD-C14A-43B1-99E1-BF05B8714FF0}.Ad-Hoc|x64.ActiveCfg = Debug|Any CPU
		{153AEFCD-C14A-43B1-99E1-BF05B8714FF0}.Ad-Hoc|x64.Build.0 = Debug|Any CPU
		{153AEFCD-C14A-43B1-99E1-BF05B8714FF0}.Ad-Hoc|x86.ActiveCfg = Debug|Any CPU
		{153AEFCD-C14A-43B1-99E1-BF05B8714FF0}.Ad-Hoc|x86.Build.0 = Debug|Any CPU
		{153AEFCD-C14A-43B1-99E1-BF05B8714FF0}.AppStore|Any CPU.ActiveCfg = Debug|Any CPU
		{153AEFCD-C14A-43B1-99E1-BF05B8714FF0}.AppStore|Any CPU.Build.0 = Debug|Any CPU
		{153AEFCD-C14A-43B1-99E1-BF05B8714FF0}.AppStore|ARM.ActiveCfg = Debug|Any CPU
		{153AEFCD-C14A-43B1-99E1-BF05B8714FF0}.AppStore|ARM.Build.0 = Debug|Any CPU
		{153AEFCD-C14A-43B1-99E1-BF05B8714FF0}.AppStore|iPhone.ActiveCfg = Debug|Any CPU
		{153AEFCD-C14A-43B1-99E1-BF05B8714FF0}.AppStore|iPhone.Build.0 = Debug|Any CPU
		{153AEFCD-C14A-43B1-99E1-BF05B8714FF0}.AppStore|iPhoneSimulator.ActiveCfg = Debug|Any CPU
		{153AEFCD-C14A-43B1-99E1-BF05B8714FF0}.AppStore|iPhoneSimulator.Build.0 = Debug|Any CPU
		{153AEFCD-C14A-43B1-99E1-BF05B8714FF0}.AppStore|x64.ActiveCfg = Debug|Any CPU
		{153AEFCD-C14A-43B1-99E1-BF05B8714FF0}.AppStore|x64.Build.0 = Debug|Any CPU
		{153AEFCD-C14A-43B1-99E1-BF05B8714FF0}.AppStore|x86.ActiveCfg = Debug|Any CPU
		{153AEFCD-C14A-43B1-99E1-BF05B8714FF0}.AppStore|x86.Build.0 = Debug|Any CPU
		{153AEFCD-C14A-43B1-99E1-BF05B8714FF0}.Debug|Any CPU.ActiveCfg = Debug|Any CPU
		{153AEFCD-C14A-43B1-99E1-BF05B8714FF0}.Debug|Any CPU.Build.0 = Debug|Any CPU
		{153AEFCD-C14A-43B1-99E1-BF05B8714FF0}.Debug|ARM.ActiveCfg = Debug|Any CPU
		{153AEFCD-C14A-43B1-99E1-BF05B8714FF0}.Debug|ARM.Build.0 = Debug|Any CPU
		{153AEFCD-C14A-43B1-99E1-BF05B8714FF0}.Debug|iPhone.ActiveCfg = Debug|Any CPU
		{153AEFCD-C14A-43B1-99E1-BF05B8714FF0}.Debug|iPhone.Build.0 = Debug|Any CPU
		{153AEFCD-C14A-43B1-99E1-BF05B8714FF0}.Debug|iPhoneSimulator.ActiveCfg = Debug|Any CPU
		{153AEFCD-C14A-43B1-99E1-BF05B8714FF0}.Debug|iPhoneSimulator.Build.0 = Debug|Any CPU
		{153AEFCD-C14A-43B1-99E1-BF05B8714FF0}.Debug|x64.ActiveCfg = Debug|Any CPU
		{153AEFCD-C14A-43B1-99E1-BF05B8714FF0}.Debug|x64.Build.0 = Debug|Any CPU
		{153AEFCD-C14A-43B1-99E1-BF05B8714FF0}.Debug|x86.ActiveCfg = Debug|Any CPU
		{153AEFCD-C14A-43B1-99E1-BF05B8714FF0}.Debug|x86.Build.0 = Debug|Any CPU
		{153AEFCD-C14A-43B1-99E1-BF05B8714FF0}.Release|Any CPU.ActiveCfg = Release|Any CPU
		{153AEFCD-C14A-43B1-99E1-BF05B8714FF0}.Release|Any CPU.Build.0 = Release|Any CPU
		{153AEFCD-C14A-43B1-99E1-BF05B8714FF0}.Release|ARM.ActiveCfg = Release|Any CPU
		{153AEFCD-C14A-43B1-99E1-BF05B8714FF0}.Release|ARM.Build.0 = Release|Any CPU
		{153AEFCD-C14A-43B1-99E1-BF05B8714FF0}.Release|iPhone.ActiveCfg = Release|Any CPU
		{153AEFCD-C14A-43B1-99E1-BF05B8714FF0}.Release|iPhone.Build.0 = Release|Any CPU
		{153AEFCD-C14A-43B1-99E1-BF05B8714FF0}.Release|iPhoneSimulator.ActiveCfg = Release|Any CPU
		{153AEFCD-C14A-43B1-99E1-BF05B8714FF0}.Release|iPhoneSimulator.Build.0 = Release|Any CPU
		{153AEFCD-C14A-43B1-99E1-BF05B8714FF0}.Release|x64.ActiveCfg = Release|Any CPU
		{153AEFCD-C14A-43B1-99E1-BF05B8714FF0}.Release|x64.Build.0 = Release|Any CPU
		{153AEFCD-C14A-43B1-99E1-BF05B8714FF0}.Release|x86.ActiveCfg = Release|Any CPU
		{153AEFCD-C14A-43B1-99E1-BF05B8714FF0}.Release|x86.Build.0 = Release|Any CPU
		{153AEFCD-C14A-43B1-99E1-BF05B8714FF0}.UITest|Any CPU.ActiveCfg = Release|Any CPU
		{153AEFCD-C14A-43B1-99E1-BF05B8714FF0}.UITest|Any CPU.Build.0 = Release|Any CPU
		{153AEFCD-C14A-43B1-99E1-BF05B8714FF0}.UITest|ARM.ActiveCfg = Release|Any CPU
		{153AEFCD-C14A-43B1-99E1-BF05B8714FF0}.UITest|ARM.Build.0 = Release|Any CPU
		{153AEFCD-C14A-43B1-99E1-BF05B8714FF0}.UITest|iPhone.ActiveCfg = Release|Any CPU
		{153AEFCD-C14A-43B1-99E1-BF05B8714FF0}.UITest|iPhone.Build.0 = Release|Any CPU
		{153AEFCD-C14A-43B1-99E1-BF05B8714FF0}.UITest|iPhoneSimulator.ActiveCfg = Release|Any CPU
		{153AEFCD-C14A-43B1-99E1-BF05B8714FF0}.UITest|iPhoneSimulator.Build.0 = Release|Any CPU
		{153AEFCD-C14A-43B1-99E1-BF05B8714FF0}.UITest|x64.ActiveCfg = Release|Any CPU
		{153AEFCD-C14A-43B1-99E1-BF05B8714FF0}.UITest|x64.Build.0 = Release|Any CPU
		{153AEFCD-C14A-43B1-99E1-BF05B8714FF0}.UITest|x86.ActiveCfg = Release|Any CPU
		{153AEFCD-C14A-43B1-99E1-BF05B8714FF0}.UITest|x86.Build.0 = Release|Any CPU
		{B19C892E-2628-4CA7-AD27-08D406A3B14B}.Ad-Hoc|Any CPU.ActiveCfg = Release|Any CPU
		{B19C892E-2628-4CA7-AD27-08D406A3B14B}.Ad-Hoc|Any CPU.Build.0 = Release|Any CPU
		{B19C892E-2628-4CA7-AD27-08D406A3B14B}.Ad-Hoc|ARM.ActiveCfg = Release|Any CPU
		{B19C892E-2628-4CA7-AD27-08D406A3B14B}.Ad-Hoc|ARM.Build.0 = Release|Any CPU
		{B19C892E-2628-4CA7-AD27-08D406A3B14B}.Ad-Hoc|iPhone.ActiveCfg = Release|Any CPU
		{B19C892E-2628-4CA7-AD27-08D406A3B14B}.Ad-Hoc|iPhone.Build.0 = Release|Any CPU
		{B19C892E-2628-4CA7-AD27-08D406A3B14B}.Ad-Hoc|iPhoneSimulator.ActiveCfg = Release|Any CPU
		{B19C892E-2628-4CA7-AD27-08D406A3B14B}.Ad-Hoc|iPhoneSimulator.Build.0 = Release|Any CPU
		{B19C892E-2628-4CA7-AD27-08D406A3B14B}.Ad-Hoc|x64.ActiveCfg = Release|Any CPU
		{B19C892E-2628-4CA7-AD27-08D406A3B14B}.Ad-Hoc|x64.Build.0 = Release|Any CPU
		{B19C892E-2628-4CA7-AD27-08D406A3B14B}.Ad-Hoc|x86.ActiveCfg = Release|Any CPU
		{B19C892E-2628-4CA7-AD27-08D406A3B14B}.Ad-Hoc|x86.Build.0 = Release|Any CPU
		{B19C892E-2628-4CA7-AD27-08D406A3B14B}.AppStore|Any CPU.ActiveCfg = Release|Any CPU
		{B19C892E-2628-4CA7-AD27-08D406A3B14B}.AppStore|Any CPU.Build.0 = Release|Any CPU
		{B19C892E-2628-4CA7-AD27-08D406A3B14B}.AppStore|ARM.ActiveCfg = Release|Any CPU
		{B19C892E-2628-4CA7-AD27-08D406A3B14B}.AppStore|ARM.Build.0 = Release|Any CPU
		{B19C892E-2628-4CA7-AD27-08D406A3B14B}.AppStore|iPhone.ActiveCfg = Release|Any CPU
		{B19C892E-2628-4CA7-AD27-08D406A3B14B}.AppStore|iPhone.Build.0 = Release|Any CPU
		{B19C892E-2628-4CA7-AD27-08D406A3B14B}.AppStore|iPhoneSimulator.ActiveCfg = Release|Any CPU
		{B19C892E-2628-4CA7-AD27-08D406A3B14B}.AppStore|iPhoneSimulator.Build.0 = Release|Any CPU
		{B19C892E-2628-4CA7-AD27-08D406A3B14B}.AppStore|x64.ActiveCfg = Release|Any CPU
		{B19C892E-2628-4CA7-AD27-08D406A3B14B}.AppStore|x64.Build.0 = Release|Any CPU
		{B19C892E-2628-4CA7-AD27-08D406A3B14B}.AppStore|x86.ActiveCfg = Release|Any CPU
		{B19C892E-2628-4CA7-AD27-08D406A3B14B}.AppStore|x86.Build.0 = Release|Any CPU
		{B19C892E-2628-4CA7-AD27-08D406A3B14B}.Debug|Any CPU.ActiveCfg = Debug|Any CPU
		{B19C892E-2628-4CA7-AD27-08D406A3B14B}.Debug|Any CPU.Build.0 = Debug|Any CPU
		{B19C892E-2628-4CA7-AD27-08D406A3B14B}.Debug|ARM.ActiveCfg = Debug|Any CPU
		{B19C892E-2628-4CA7-AD27-08D406A3B14B}.Debug|ARM.Build.0 = Debug|Any CPU
		{B19C892E-2628-4CA7-AD27-08D406A3B14B}.Debug|iPhone.ActiveCfg = Debug|Any CPU
		{B19C892E-2628-4CA7-AD27-08D406A3B14B}.Debug|iPhone.Build.0 = Debug|Any CPU
		{B19C892E-2628-4CA7-AD27-08D406A3B14B}.Debug|iPhoneSimulator.ActiveCfg = Debug|Any CPU
		{B19C892E-2628-4CA7-AD27-08D406A3B14B}.Debug|iPhoneSimulator.Build.0 = Debug|Any CPU
		{B19C892E-2628-4CA7-AD27-08D406A3B14B}.Debug|x64.ActiveCfg = Debug|Any CPU
		{B19C892E-2628-4CA7-AD27-08D406A3B14B}.Debug|x64.Build.0 = Debug|Any CPU
		{B19C892E-2628-4CA7-AD27-08D406A3B14B}.Debug|x86.ActiveCfg = Debug|Any CPU
		{B19C892E-2628-4CA7-AD27-08D406A3B14B}.Debug|x86.Build.0 = Debug|Any CPU
		{B19C892E-2628-4CA7-AD27-08D406A3B14B}.Release|Any CPU.ActiveCfg = Release|Any CPU
		{B19C892E-2628-4CA7-AD27-08D406A3B14B}.Release|Any CPU.Build.0 = Release|Any CPU
		{B19C892E-2628-4CA7-AD27-08D406A3B14B}.Release|ARM.ActiveCfg = Release|Any CPU
		{B19C892E-2628-4CA7-AD27-08D406A3B14B}.Release|ARM.Build.0 = Release|Any CPU
		{B19C892E-2628-4CA7-AD27-08D406A3B14B}.Release|iPhone.ActiveCfg = Release|Any CPU
		{B19C892E-2628-4CA7-AD27-08D406A3B14B}.Release|iPhone.Build.0 = Release|Any CPU
		{B19C892E-2628-4CA7-AD27-08D406A3B14B}.Release|iPhoneSimulator.ActiveCfg = Release|Any CPU
		{B19C892E-2628-4CA7-AD27-08D406A3B14B}.Release|iPhoneSimulator.Build.0 = Release|Any CPU
		{B19C892E-2628-4CA7-AD27-08D406A3B14B}.Release|x64.ActiveCfg = Release|Any CPU
		{B19C892E-2628-4CA7-AD27-08D406A3B14B}.Release|x64.Build.0 = Release|Any CPU
		{B19C892E-2628-4CA7-AD27-08D406A3B14B}.Release|x86.ActiveCfg = Release|Any CPU
		{B19C892E-2628-4CA7-AD27-08D406A3B14B}.Release|x86.Build.0 = Release|Any CPU
		{B19C892E-2628-4CA7-AD27-08D406A3B14B}.UITest|Any CPU.ActiveCfg = Release|Any CPU
		{B19C892E-2628-4CA7-AD27-08D406A3B14B}.UITest|Any CPU.Build.0 = Release|Any CPU
		{B19C892E-2628-4CA7-AD27-08D406A3B14B}.UITest|ARM.ActiveCfg = Release|Any CPU
		{B19C892E-2628-4CA7-AD27-08D406A3B14B}.UITest|ARM.Build.0 = Release|Any CPU
		{B19C892E-2628-4CA7-AD27-08D406A3B14B}.UITest|iPhone.ActiveCfg = Release|Any CPU
		{B19C892E-2628-4CA7-AD27-08D406A3B14B}.UITest|iPhone.Build.0 = Release|Any CPU
		{B19C892E-2628-4CA7-AD27-08D406A3B14B}.UITest|iPhoneSimulator.ActiveCfg = Release|Any CPU
		{B19C892E-2628-4CA7-AD27-08D406A3B14B}.UITest|iPhoneSimulator.Build.0 = Release|Any CPU
		{B19C892E-2628-4CA7-AD27-08D406A3B14B}.UITest|x64.ActiveCfg = Release|Any CPU
		{B19C892E-2628-4CA7-AD27-08D406A3B14B}.UITest|x64.Build.0 = Release|Any CPU
		{B19C892E-2628-4CA7-AD27-08D406A3B14B}.UITest|x86.ActiveCfg = Release|Any CPU
		{B19C892E-2628-4CA7-AD27-08D406A3B14B}.UITest|x86.Build.0 = Release|Any CPU
	EndGlobalSection
	GlobalSection(SolutionProperties) = preSolution
		HideSolutionNode = FALSE
	EndGlobalSection
	GlobalSection(NestedProjects) = preSolution
		{7F72CF1C-95BD-467C-B179-9F2C7985EFCA} = {8A1DDEF2-1C52-4B6A-B182-70B8AFDE7974}
		{CECB9506-E0E8-413E-86C1-AE45691EA9DD} = {8A1DDEF2-1C52-4B6A-B182-70B8AFDE7974}
		{A36F264C-38E6-4874-9906-33DBC5042D80} = {8A1DDEF2-1C52-4B6A-B182-70B8AFDE7974}
		{DC3F6B22-0893-42E1-9EBD-3DF08931740E} = {8A1DDEF2-1C52-4B6A-B182-70B8AFDE7974}
		{6DD5F8F8-B508-4451-BE11-FBBAAB313A98} = {1CE3C538-FEA3-4370-BD3B-F15F3FE08500}
		{153AEFCD-C14A-43B1-99E1-BF05B8714FF0} = {4D519CBA-E510-44DD-B27B-5CD49C2CD4F2}
		{B19C892E-2628-4CA7-AD27-08D406A3B14B} = {4D519CBA-E510-44DD-B27B-5CD49C2CD4F2}
		{142E2F41-A555-46E5-9F13-81F50FD08BD2} = {36B8A040-1B15-4980-A0AD-753B260A8654}
		{C749D231-26D1-4660-B708-8CD77E7CE7F8} = {36B8A040-1B15-4980-A0AD-753B260A8654}
	EndGlobalSection
	GlobalSection(ExtensibilityGlobals) = postSolution
		SolutionGuid = {918D4D16-7D8B-42CA-AD6C-D4C871126959}
	EndGlobalSection
EndGlobal
